
Microsoft Visual Studio Solution File, Format Version 12.00
# Visual Studio Version 17
VisualStudioVersion = 17.5.002.0
MinimumVisualStudioVersion = 10.0.40219.1
Project("{2150E333-8FDC-42A3-9474-1A3956D46DE8}") = "csharp-prep", "csharp-prep", "{5FE2DA6E-BDAA-4830-80D3-16EA7D601491}"
EndProject
Project("{9A19103F-16F7-4668-BE54-9A1E7A4F7556}") = "Prep1", "csharp-prep\Prep1\Prep1.csproj", "{B4236283-9D49-459B-A4FA-0494584576AA}"
EndProject
Project("{9A19103F-16F7-4668-BE54-9A1E7A4F7556}") = "Prep2", "csharp-prep\Prep2\Prep2.csproj", "{8EC37451-7872-45DE-B76F-184132168D22}"
EndProject
Project("{9A19103F-16F7-4668-BE54-9A1E7A4F7556}") = "Prep3", "csharp-prep\Prep3\Prep3.csproj", "{64693606-CCE2-47C3-83D9-64367FB8B6DE}"
EndProject
Project("{9A19103F-16F7-4668-BE54-9A1E7A4F7556}") = "Prep4", "csharp-prep\Prep4\Prep4.csproj", "{F9068BB5-7FCF-4874-9CD5-13A6674E1DCA}"
EndProject
Project("{9A19103F-16F7-4668-BE54-9A1E7A4F7556}") = "Prep5", "csharp-prep\Prep5\Prep5.csproj", "{A102217E-1B52-4577-BE08-92A725563E45}"
EndProject
Project("{2150E333-8FDC-42A3-9474-1A3956D46DE8}") = "final", "final", "{39B8ED47-DF16-45FE-8205-473830036A50}"
EndProject
Project("{9A19103F-16F7-4668-BE54-9A1E7A4F7556}") = "FinalProject", "final\FinalProject\FinalProject.csproj", "{085F4612-63E2-4682-9AF7-F5ED9F631618}"
EndProject
Project("{9A19103F-16F7-4668-BE54-9A1E7A4F7556}") = "Foundation1", "final\Foundation1\Foundation1.csproj", "{642C02FB-C94E-46F8-8087-18E131CC8614}"
EndProject
Project("{9A19103F-16F7-4668-BE54-9A1E7A4F7556}") = "Foundation2", "final\Foundation2\Foundation2.csproj", "{B02FF84C-3992-47EB-B953-99C677695F14}"
EndProject
Project("{9A19103F-16F7-4668-BE54-9A1E7A4F7556}") = "Foundation3", "final\Foundation3\Foundation3.csproj", "{36D52441-70CD-4775-B824-5A7E55D75F36}"
EndProject
Project("{9A19103F-16F7-4668-BE54-9A1E7A4F7556}") = "Foundation4", "final\Foundation4\Foundation4.csproj", "{FBCC1C4C-D5B9-4B0C-BD65-2A372E3EB65E}"
EndProject
Project("{2150E333-8FDC-42A3-9474-1A3956D46DE8}") = "prepare", "prepare", "{1DC2886E-E129-44C7-B21F-8C09B8EBFD36}"
EndProject
Project("{9A19103F-16F7-4668-BE54-9A1E7A4F7556}") = "Learning02", "prepare\Learning02\Learning02.csproj", "{CE157374-A68A-4423-BEBA-B30729C5F1E2}"
EndProject
Project("{9A19103F-16F7-4668-BE54-9A1E7A4F7556}") = "Learning03", "prepare\Learning03\Learning03.csproj", "{91BACFE9-4940-4C43-A0ED-21CDE65296CA}"
EndProject
Project("{9A19103F-16F7-4668-BE54-9A1E7A4F7556}") = "Learning04", "prepare\Learning04\Learning04.csproj", "{930C5CB7-534E-436D-9D3E-1676FB9FB4D2}"
EndProject
Project("{9A19103F-16F7-4668-BE54-9A1E7A4F7556}") = "Learning05", "prepare\Learning05\Learning05.csproj", "{F23BF86F-2C59-4113-91FE-34FFC93353EB}"
EndProject
Project("{2150E333-8FDC-42A3-9474-1A3956D46DE8}") = "prove", "prove", "{92225D4E-469E-4188-9F91-E954090A24EF}"
EndProject
Project("{9A19103F-16F7-4668-BE54-9A1E7A4F7556}") = "Develop02", "prove\Develop02\Develop02.csproj", "{7EA74202-C61C-41EF-8ADD-92CB5EB9DEBC}"
EndProject
Project("{9A19103F-16F7-4668-BE54-9A1E7A4F7556}") = "Develop03", "prove\Develop03\Develop03.csproj", "{E82C3B58-1E3D-4002-B325-0C70AA10EB57}"
EndProject
Project("{9A19103F-16F7-4668-BE54-9A1E7A4F7556}") = "Develop04", "prove\Develop04\Develop04.csproj", "{BEA27A0B-BEBB-4047-BE2D-80DE01223294}"
EndProject
Project("{9A19103F-16F7-4668-BE54-9A1E7A4F7556}") = "Develop05", "prove\Develop05\Develop05.csproj", "{7E13BF6E-3DEC-4E89-A2A8-BA0A875F4A49}"
EndProject
Project("{2150E333-8FDC-42A3-9474-1A3956D46DE8}") = "sandbox", "sandbox", "{E64A7196-E334-4985-9566-4A62A755D9FD}"
EndProject
Project("{9A19103F-16F7-4668-BE54-9A1E7A4F7556}") = "Sandbox", "sandbox\Sandbox\Sandbox.csproj", "{0213E0AF-DF46-460B-9C1F-41A2E3D5C5D8}"
EndProject
Global
	GlobalSection(SolutionConfigurationPlatforms) = preSolution
		Debug|Any CPU = Debug|Any CPU
		Release|Any CPU = Release|Any CPU
	EndGlobalSection
	GlobalSection(ProjectConfigurationPlatforms) = postSolution
		{B4236283-9D49-459B-A4FA-0494584576AA}.Debug|Any CPU.ActiveCfg = Debug|Any CPU
		{B4236283-9D49-459B-A4FA-0494584576AA}.Debug|Any CPU.Build.0 = Debug|Any CPU
		{B4236283-9D49-459B-A4FA-0494584576AA}.Release|Any CPU.ActiveCfg = Release|Any CPU
		{B4236283-9D49-459B-A4FA-0494584576AA}.Release|Any CPU.Build.0 = Release|Any CPU
		{8EC37451-7872-45DE-B76F-184132168D22}.Debug|Any CPU.ActiveCfg = Debug|Any CPU
		{8EC37451-7872-45DE-B76F-184132168D22}.Debug|Any CPU.Build.0 = Debug|Any CPU
		{8EC37451-7872-45DE-B76F-184132168D22}.Release|Any CPU.ActiveCfg = Release|Any CPU
		{8EC37451-7872-45DE-B76F-184132168D22}.Release|Any CPU.Build.0 = Release|Any CPU
		{64693606-CCE2-47C3-83D9-64367FB8B6DE}.Debug|Any CPU.ActiveCfg = Debug|Any CPU
		{64693606-CCE2-47C3-83D9-64367FB8B6DE}.Debug|Any CPU.Build.0 = Debug|Any CPU
		{64693606-CCE2-47C3-83D9-64367FB8B6DE}.Release|Any CPU.ActiveCfg = Release|Any CPU
		{64693606-CCE2-47C3-83D9-64367FB8B6DE}.Release|Any CPU.Build.0 = Release|Any CPU
		{F9068BB5-7FCF-4874-9CD5-13A6674E1DCA}.Debug|Any CPU.ActiveCfg = Debug|Any CPU
		{F9068BB5-7FCF-4874-9CD5-13A6674E1DCA}.Debug|Any CPU.Build.0 = Debug|Any CPU
		{F9068BB5-7FCF-4874-9CD5-13A6674E1DCA}.Release|Any CPU.ActiveCfg = Release|Any CPU
		{F9068BB5-7FCF-4874-9CD5-13A6674E1DCA}.Release|Any CPU.Build.0 = Release|Any CPU
		{A102217E-1B52-4577-BE08-92A725563E45}.Debug|Any CPU.ActiveCfg = Debug|Any CPU
		{A102217E-1B52-4577-BE08-92A725563E45}.Debug|Any CPU.Build.0 = Debug|Any CPU
		{A102217E-1B52-4577-BE08-92A725563E45}.Release|Any CPU.ActiveCfg = Release|Any CPU
		{A102217E-1B52-4577-BE08-92A725563E45}.Release|Any CPU.Build.0 = Release|Any CPU
		{085F4612-63E2-4682-9AF7-F5ED9F631618}.Debug|Any CPU.ActiveCfg = Debug|Any CPU
		{085F4612-63E2-4682-9AF7-F5ED9F631618}.Debug|Any CPU.Build.0 = Debug|Any CPU
		{085F4612-63E2-4682-9AF7-F5ED9F631618}.Release|Any CPU.ActiveCfg = Release|Any CPU
		{085F4612-63E2-4682-9AF7-F5ED9F631618}.Release|Any CPU.Build.0 = Release|Any CPU
		{642C02FB-C94E-46F8-8087-18E131CC8614}.Debug|Any CPU.ActiveCfg = Debug|Any CPU
		{642C02FB-C94E-46F8-8087-18E131CC8614}.Debug|Any CPU.Build.0 = Debug|Any CPU
		{642C02FB-C94E-46F8-8087-18E131CC8614}.Release|Any CPU.ActiveCfg = Release|Any CPU
		{642C02FB-C94E-46F8-8087-18E131CC8614}.Release|Any CPU.Build.0 = Release|Any CPU
		{B02FF84C-3992-47EB-B953-99C677695F14}.Debug|Any CPU.ActiveCfg = Debug|Any CPU
		{B02FF84C-3992-47EB-B953-99C677695F14}.Debug|Any CPU.Build.0 = Debug|Any CPU
		{B02FF84C-3992-47EB-B953-99C677695F14}.Release|Any CPU.ActiveCfg = Release|Any CPU
		{B02FF84C-3992-47EB-B953-99C677695F14}.Release|Any CPU.Build.0 = Release|Any CPU
		{36D52441-70CD-4775-B824-5A7E55D75F36}.Debug|Any CPU.ActiveCfg = Debug|Any CPU
		{36D52441-70CD-4775-B824-5A7E55D75F36}.Debug|Any CPU.Build.0 = Debug|Any CPU
		{36D52441-70CD-4775-B824-5A7E55D75F36}.Release|Any CPU.ActiveCfg = Release|Any CPU
		{36D52441-70CD-4775-B824-5A7E55D75F36}.Release|Any CPU.Build.0 = Release|Any CPU
		{FBCC1C4C-D5B9-4B0C-BD65-2A372E3EB65E}.Debug|Any CPU.ActiveCfg = Debug|Any CPU
		{FBCC1C4C-D5B9-4B0C-BD65-2A372E3EB65E}.Debug|Any CPU.Build.0 = Debug|Any CPU
		{FBCC1C4C-D5B9-4B0C-BD65-2A372E3EB65E}.Release|Any CPU.ActiveCfg = Release|Any CPU
		{FBCC1C4C-D5B9-4B0C-BD65-2A372E3EB65E}.Release|Any CPU.Build.0 = Release|Any CPU
		{CE157374-A68A-4423-BEBA-B30729C5F1E2}.Debug|Any CPU.ActiveCfg = Debug|Any CPU
		{CE157374-A68A-4423-BEBA-B30729C5F1E2}.Debug|Any CPU.Build.0 = Debug|Any CPU
		{CE157374-A68A-4423-BEBA-B30729C5F1E2}.Release|Any CPU.ActiveCfg = Release|Any CPU
		{CE157374-A68A-4423-BEBA-B30729C5F1E2}.Release|Any CPU.Build.0 = Release|Any CPU
		{91BACFE9-4940-4C43-A0ED-21CDE65296CA}.Debug|Any CPU.ActiveCfg = Debug|Any CPU
		{91BACFE9-4940-4C43-A0ED-21CDE65296CA}.Debug|Any CPU.Build.0 = Debug|Any CPU
		{91BACFE9-4940-4C43-A0ED-21CDE65296CA}.Release|Any CPU.ActiveCfg = Release|Any CPU
		{91BACFE9-4940-4C43-A0ED-21CDE65296CA}.Release|Any CPU.Build.0 = Release|Any CPU
		{930C5CB7-534E-436D-9D3E-1676FB9FB4D2}.Debug|Any CPU.ActiveCfg = Debug|Any CPU
		{930C5CB7-534E-436D-9D3E-1676FB9FB4D2}.Debug|Any CPU.Build.0 = Debug|Any CPU
		{930C5CB7-534E-436D-9D3E-1676FB9FB4D2}.Release|Any CPU.ActiveCfg = Release|Any CPU
		{930C5CB7-534E-436D-9D3E-1676FB9FB4D2}.Release|Any CPU.Build.0 = Release|Any CPU
		{F23BF86F-2C59-4113-91FE-34FFC93353EB}.Debug|Any CPU.ActiveCfg = Debug|Any CPU
		{F23BF86F-2C59-4113-91FE-34FFC93353EB}.Debug|Any CPU.Build.0 = Debug|Any CPU
		{F23BF86F-2C59-4113-91FE-34FFC93353EB}.Release|Any CPU.ActiveCfg = Release|Any CPU
		{F23BF86F-2C59-4113-91FE-34FFC93353EB}.Release|Any CPU.Build.0 = Release|Any CPU
		{7EA74202-C61C-41EF-8ADD-92CB5EB9DEBC}.Debug|Any CPU.ActiveCfg = Debug|Any CPU
		{7EA74202-C61C-41EF-8ADD-92CB5EB9DEBC}.Debug|Any CPU.Build.0 = Debug|Any CPU
		{7EA74202-C61C-41EF-8ADD-92CB5EB9DEBC}.Release|Any CPU.ActiveCfg = Release|Any CPU
		{7EA74202-C61C-41EF-8ADD-92CB5EB9DEBC}.Release|Any CPU.Build.0 = Release|Any CPU
		{E82C3B58-1E3D-4002-B325-0C70AA10EB57}.Debug|Any CPU.ActiveCfg = Debug|Any CPU
		{E82C3B58-1E3D-4002-B325-0C70AA10EB57}.Debug|Any CPU.Build.0 = Debug|Any CPU
		{E82C3B58-1E3D-4002-B325-0C70AA10EB57}.Release|Any CPU.ActiveCfg = Release|Any CPU
		{E82C3B58-1E3D-4002-B325-0C70AA10EB57}.Release|Any CPU.Build.0 = Release|Any CPU
		{BEA27A0B-BEBB-4047-BE2D-80DE01223294}.Debug|Any CPU.ActiveCfg = Debug|Any CPU
		{BEA27A0B-BEBB-4047-BE2D-80DE01223294}.Debug|Any CPU.Build.0 = Debug|Any CPU
		{BEA27A0B-BEBB-4047-BE2D-80DE01223294}.Release|Any CPU.ActiveCfg = Release|Any CPU
		{BEA27A0B-BEBB-4047-BE2D-80DE01223294}.Release|Any CPU.Build.0 = Release|Any CPU
		{7E13BF6E-3DEC-4E89-A2A8-BA0A875F4A49}.Debug|Any CPU.ActiveCfg = Debug|Any CPU
		{7E13BF6E-3DEC-4E89-A2A8-BA0A875F4A49}.Debug|Any CPU.Build.0 = Debug|Any CPU
		{7E13BF6E-3DEC-4E89-A2A8-BA0A875F4A49}.Release|Any CPU.ActiveCfg = Release|Any CPU
		{7E13BF6E-3DEC-4E89-A2A8-BA0A875F4A49}.Release|Any CPU.Build.0 = Release|Any CPU
		{0213E0AF-DF46-460B-9C1F-41A2E3D5C5D8}.Debug|Any CPU.ActiveCfg = Debug|Any CPU
		{0213E0AF-DF46-460B-9C1F-41A2E3D5C5D8}.Debug|Any CPU.Build.0 = Debug|Any CPU
		{0213E0AF-DF46-460B-9C1F-41A2E3D5C5D8}.Release|Any CPU.ActiveCfg = Release|Any CPU
		{0213E0AF-DF46-460B-9C1F-41A2E3D5C5D8}.Release|Any CPU.Build.0 = Release|Any CPU
	EndGlobalSection
	GlobalSection(SolutionProperties) = preSolution
		HideSolutionNode = FALSE
	EndGlobalSection
	GlobalSection(NestedProjects) = preSolution
		{B4236283-9D49-459B-A4FA-0494584576AA} = {5FE2DA6E-BDAA-4830-80D3-16EA7D601491}
		{8EC37451-7872-45DE-B76F-184132168D22} = {5FE2DA6E-BDAA-4830-80D3-16EA7D601491}
		{64693606-CCE2-47C3-83D9-64367FB8B6DE} = {5FE2DA6E-BDAA-4830-80D3-16EA7D601491}
		{F9068BB5-7FCF-4874-9CD5-13A6674E1DCA} = {5FE2DA6E-BDAA-4830-80D3-16EA7D601491}
		{A102217E-1B52-4577-BE08-92A725563E45} = {5FE2DA6E-BDAA-4830-80D3-16EA7D601491}
		{085F4612-63E2-4682-9AF7-F5ED9F631618} = {39B8ED47-DF16-45FE-8205-473830036A50}
		{642C02FB-C94E-46F8-8087-18E131CC8614} = {39B8ED47-DF16-45FE-8205-473830036A50}
		{B02FF84C-3992-47EB-B953-99C677695F14} = {39B8ED47-DF16-45FE-8205-473830036A50}
		{36D52441-70CD-4775-B824-5A7E55D75F36} = {39B8ED47-DF16-45FE-8205-473830036A50}
		{FBCC1C4C-D5B9-4B0C-BD65-2A372E3EB65E} = {39B8ED47-DF16-45FE-8205-473830036A50}
		{CE157374-A68A-4423-BEBA-B30729C5F1E2} = {1DC2886E-E129-44C7-B21F-8C09B8EBFD36}
		{91BACFE9-4940-4C43-A0ED-21CDE65296CA} = {1DC2886E-E129-44C7-B21F-8C09B8EBFD36}
		{930C5CB7-534E-436D-9D3E-1676FB9FB4D2} = {1DC2886E-E129-44C7-B21F-8C09B8EBFD36}
		{F23BF86F-2C59-4113-91FE-34FFC93353EB} = {1DC2886E-E129-44C7-B21F-8C09B8EBFD36}
		{7EA74202-C61C-41EF-8ADD-92CB5EB9DEBC} = {92225D4E-469E-4188-9F91-E954090A24EF}
		{E82C3B58-1E3D-4002-B325-0C70AA10EB57} = {92225D4E-469E-4188-9F91-E954090A24EF}
		{BEA27A0B-BEBB-4047-BE2D-80DE01223294} = {92225D4E-469E-4188-9F91-E954090A24EF}
		{7E13BF6E-3DEC-4E89-A2A8-BA0A875F4A49} = {92225D4E-469E-4188-9F91-E954090A24EF}
		{0213E0AF-DF46-460B-9C1F-41A2E3D5C5D8} = {E64A7196-E334-4985-9566-4A62A755D9FD}
	EndGlobalSection
	GlobalSection(ExtensibilityGlobals) = postSolution
		SolutionGuid = {D2D1BF8D-4D5E-4DA4-B07F-596C6F9E4E17}
	EndGlobalSection
EndGlobal
